
Microsoft Visual Studio Solution File, Format Version 12.00
# Visual Studio Version 17
VisualStudioVersion = 17.9.34723.18
MinimumVisualStudioVersion = 10.0.40219.1
Project("{FAE04EC0-301F-11D3-BF4B-00C04F79EFBC}") = "WpfApp", "WpfApp\WpfApp.csproj", "{BD55F167-FE39-4B93-8FA4-21D269B2D539}"
EndProject
Global
	GlobalSection(SolutionConfigurationPlatforms) = preSolution
		Debug|Any CPU = Debug|Any CPU
		Release|Any CPU = Release|Any CPU
	EndGlobalSection
	GlobalSection(ProjectConfigurationPlatforms) = postSolution
		{BD55F167-FE39-4B93-8FA4-21D269B2D539}.Debug|Any CPU.ActiveCfg = Debug|Any CPU
		{BD55F167-FE39-4B93-8FA4-21D269B2D539}.Debug|Any CPU.Build.0 = Debug|Any CPU
		{BD55F167-FE39-4B93-8FA4-21D269B2D539}.Release|Any CPU.ActiveCfg = Release|Any CPU
		{BD55F167-FE39-4B93-8FA4-21D269B2D539}.Release|Any CPU.Build.0 = Release|Any CPU
	EndGlobalSection
	GlobalSection(SolutionProperties) = preSolution
		HideSolutionNode = FALSE
	EndGlobalSection
	GlobalSection(ExtensibilityGlobals) = postSolution
		SolutionGuid = {8C14BFF9-B34A-4DC8-91AA-3C2B06D8AD27}
	EndGlobalSection
EndGlobal
